<?xml version="1.0" encoding="utf-8"?>
<Project ToolsVersion="4.0" xmlns="http://schemas.microsoft.com/developer/msbuild/2003">
  <ItemGroup>
    <Filter Include="Source Files">
      <UniqueIdentifier>{4FC737F1-C7A5-4376-A066-2A32D752A2FF}</UniqueIdentifier>
      <Extensions>cpp;c;cc;cxx;c++;cppm;ixx;def;odl;idl;hpj;bat;asm;asmx</Extensions>
    </Filter>
    <Filter Include="Header Files">
      <UniqueIdentifier>{93995380-89BD-4b04-88EB-625FBE52EBFB}</UniqueIdentifier>
      <Extensions>h;hh;hpp;hxx;h++;hm;inl;inc;ipp;xsd</Extensions>
    </Filter>
  </ItemGroup>
  <ItemGroup>
    <ClInclude Include="Rendering\vertex_buffer.h">
      <Filter>Header Files</Filter>
    </ClInclude>
    <ClInclude Include="Rendering\index_buffer.h">
      <Filter>Header Files</Filter>
    </ClInclude>
    <ClInclude Include="Rendering\shader.h">
      <Filter>Header Files</Filter>
    </ClInclude>
    <ClInclude Include="AssetManagement\asset_manager.h">
      <Filter>Header Files</Filter>
    </ClInclude>
    <ClInclude Include="Reflection\data_type.h">
      <Filter>Header Files</Filter>
    </ClInclude>
    <ClInclude Include="Utils\non_essential_macros.h">
      <Filter>Header Files</Filter>
    </ClInclude>
    <ClInclude Include="Utils\shorthand_functions.h">
      <Filter>Header Files</Filter>
    </ClInclude>
    <ClInclude Include="Rendering\renderer_service.h">
      <Filter>Header Files</Filter>
    </ClInclude>
    <ClInclude Include="Modularization\module_manager.h">
      <Filter>Header Files</Filter>
    </ClInclude>
    <ClInclude Include="Memory\high_integrity_allocator.h">
      <Filter>Header Files</Filter>
    </ClInclude>
    <ClInclude Include="Memory\homogeneous_storage.h">
      <Filter>Header Files</Filter>
    </ClInclude>
    <ClInclude Include="Math\vector_2d.h">
      <Filter>Header Files</Filter>
    </ClInclude>
    <ClInclude Include="Logging\logger_service.h">
      <Filter>Header Files</Filter>
    </ClInclude>
    <ClInclude Include="EntityComponentSystem\component_store.h">
      <Filter>Header Files</Filter>
    </ClInclude>
    <ClInclude Include="EntityComponentSystem\component_base.h">
      <Filter>Header Files</Filter>
    </ClInclude>
    <ClInclude Include="EntityComponentSystem\component_controller.h">
      <Filter>Header Files</Filter>
    </ClInclude>
    <ClInclude Include="DependencyInjection\service_provider.h">
      <Filter>Header Files</Filter>
    </ClInclude>
    <ClInclude Include="Hosting\engine_host.h">
      <Filter>Header Files</Filter>
    </ClInclude>
    <ClInclude Include="Platform\platform_access.h">
      <Filter>Header Files</Filter>
    </ClInclude>
    <ClInclude Include="DependencyInjection\configuration_provider.h">
      <Filter>Header Files</Filter>
    </ClInclude>
    <ClInclude Include="AssetManagement\byte_stream.h">
      <Filter>Header Files</Filter>
    </ClInclude>
    <ClInclude Include="AssetManagement\data_compile_instruction.h">
      <Filter>Header Files</Filter>
    </ClInclude>
    <ClInclude Include="Reflection\scriptable_type.h">
      <Filter>Header Files</Filter>
    </ClInclude>
    <ClInclude Include="Configuration\compile_time_flags.h">
      <Filter>Header Files</Filter>
    </ClInclude>
    <ClInclude Include="AssetManagement\asset_reference.h">
      <Filter>Header Files</Filter>
    </ClInclude>
    <ClInclude Include="Reflection\type_info_registra.h">
      <Filter>Header Files</Filter>
    </ClInclude>
  </ItemGroup>
  <ItemGroup>
    <ClCompile Include="EntityComponentSystem\component_base.cpp">
      <Filter>Source Files</Filter>
    </ClCompile>
    <ClCompile Include="EntityComponentSystem\component_controller.cpp">
      <Filter>Source Files</Filter>
    </ClCompile>
    <ClCompile Include="Memory\homogeneous_storage.cpp">
      <Filter>Source Files</Filter>
    </ClCompile>
    <ClCompile Include="Memory\high_integrity_allocator.cpp">
      <Filter>Source Files</Filter>
    </ClCompile>
    <ClCompile Include="Rendering\renderer_service.cpp">
      <Filter>Source Files</Filter>
    </ClCompile>
    <ClCompile Include="Modularization\module_manager.cpp">
      <Filter>Source Files</Filter>
    </ClCompile>
    <ClCompile Include="AssetManagement\asset_manager.cpp">
      <Filter>Source Files</Filter>
    </ClCompile>
    <ClCompile Include="Hosting\engine_host.cpp">
      <Filter>Source Files</Filter>
    </ClCompile>
    <ClCompile Include="Platform\platform_access.cpp">
      <Filter>Source Files</Filter>
    </ClCompile>
    <ClCompile Include="AssetManagement\byte_stream.cpp">
      <Filter>Source Files</Filter>
    </ClCompile>
    <ClCompile Include="Reflection\data_type.cpp">
      <Filter>Source Files</Filter>
    </ClCompile>
    <ClCompile Include="Reflection\type_info_registra.cpp">
      <Filter>Source Files</Filter>
    </ClCompile>
    <ClCompile Include="Logging\logger_service.cpp">
      <Filter>Source Files</Filter>
    </ClCompile>
  </ItemGroup>
</Project>