<?xml version="1.0" encoding="utf-8"?>
<Project ToolsVersion="4.0" xmlns="http://schemas.microsoft.com/developer/msbuild/2003">
  <ItemGroup>
    <Filter Include="Core">
      <UniqueIdentifier>{2ad6d9d1-0176-45b8-96e3-499088ea1fd9}</UniqueIdentifier>
    </Filter>
    <Filter Include="Core\EntityComponentSystem">
      <UniqueIdentifier>{b92c6c7e-29a3-4953-a65e-7d4f1fb00db9}</UniqueIdentifier>
    </Filter>
    <Filter Include="Core\Enumeration">
      <UniqueIdentifier>{14d0f57b-ffce-43a8-91c4-205727145d36}</UniqueIdentifier>
    </Filter>
    <Filter Include="Core\FunctionalLayer">
      <UniqueIdentifier>{48bca79a-db59-420c-84da-d80239990b10}</UniqueIdentifier>
    </Filter>
    <Filter Include="Core\Generated">
      <UniqueIdentifier>{4FC737F1-C7A5-4376-A066-2A32D752A2FF}</UniqueIdentifier>
      <Extensions>cpp;c;cc;cxx;c++;cppm;ixx;def;odl;idl;hpj;bat;asm;asmx</Extensions>
    </Filter>
    <Filter Include="Core\Memory">
      <UniqueIdentifier>{7485e607-39c4-499a-9587-d15c9f2c17ef}</UniqueIdentifier>
    </Filter>
    <Filter Include="Core\Modularization">
      <UniqueIdentifier>{a53f1802-77ed-4237-979c-60f5f2f31272}</UniqueIdentifier>
    </Filter>
    <Filter Include="Core\Rendering">
      <UniqueIdentifier>{7c6c1b9c-a2c3-433b-911e-6baedbb3f694}</UniqueIdentifier>
    </Filter>
    <Filter Include="Core\Threading">
      <UniqueIdentifier>{d23b4701-3ce0-4239-8b63-ccb333e97519}</UniqueIdentifier>
    </Filter>
    <Filter Include="Core\Utils">
      <UniqueIdentifier>{33da1176-6ad4-486a-a441-03931b0858e0}</UniqueIdentifier>
    </Filter>
  </ItemGroup>
  <ItemGroup>
    <ClCompile Include="main.cpp" />
    <ClCompile Include="Core\EntityComponentSystem\component_controller.cpp">
      <Filter>Core\EntityComponentSystem</Filter>
    </ClCompile>
    <ClCompile Include="Core\Generated\update_loop.cpp">
      <Filter>Core\Generated</Filter>
    </ClCompile>
    <ClCompile Include="Core\Memory\high_integrity_allocator.cpp">
      <Filter>Core\Memory</Filter>
    </ClCompile>
    <ClCompile Include="Core\Memory\homogeneous_storage.cpp">
      <Filter>Core\Memory</Filter>
    </ClCompile>
    <ClCompile Include="Core\Rendering\renderer_service.cpp">
      <Filter>Core\Rendering</Filter>
    </ClCompile>
    <ClCompile Include="Core\Threading\thread_messaging.c">
      <Filter>Core\Threading</Filter>
    </ClCompile>
    <ClCompile Include="Core\Threading\thread_pool.c">
      <Filter>Core\Threading</Filter>
    </ClCompile>
  </ItemGroup>
  <ItemGroup>
    <ClInclude Include="Rendering\renderer_service.h" />
    <ClInclude Include="Core\EntityComponentSystem\component_controller.h">
      <Filter>Core\EntityComponentSystem</Filter>
    </ClInclude>
    <ClInclude Include="Core\EntityComponentSystem\component_store.h">
      <Filter>Core\EntityComponentSystem</Filter>
    </ClInclude>
    <ClInclude Include="Core\Enumeration\array_literal.h">
      <Filter>Core\Enumeration</Filter>
    </ClInclude>
    <ClInclude Include="Core\Enumeration\enumerable.h">
      <Filter>Core\Enumeration</Filter>
    </ClInclude>
    <ClInclude Include="Core\Enumeration\filter_enumerable.h">
      <Filter>Core\Enumeration</Filter>
    </ClInclude>
    <ClInclude Include="Core\Enumeration\select_enumerable.h">
      <Filter>Core\Enumeration</Filter>
    </ClInclude>
    <ClInclude Include="Core\FunctionalLayer\lambda.h">
      <Filter>Core\FunctionalLayer</Filter>
    </ClInclude>
    <ClInclude Include="Core\FunctionalLayer\runtime.h">
      <Filter>Core\FunctionalLayer</Filter>
    </ClInclude>
    <ClInclude Include="Core\Generated\update_loop.h">
      <Filter>Core\Generated</Filter>
    </ClInclude>
    <ClInclude Include="Core\Memory\high_integrity_allocator.h">
      <Filter>Core\Memory</Filter>
    </ClInclude>
    <ClInclude Include="Core\Memory\homogeneous_storage.h">
      <Filter>Core\Memory</Filter>
    </ClInclude>
    <ClInclude Include="Core\Modularization\module_loader.h">
      <Filter>Core\Modularization</Filter>
    </ClInclude>
    <ClInclude Include="Core\Rendering\renderer_service.h">
      <Filter>Core\Rendering</Filter>
    </ClInclude>
    <ClInclude Include="Core\Threading\thread_messaging.h">
      <Filter>Core\Threading</Filter>
    </ClInclude>
    <ClInclude Include="Core\Threading\thread_pool.h">
      <Filter>Core\Threading</Filter>
    </ClInclude>
    <ClInclude Include="Core\Utils\non_essential_macros.h">
      <Filter>Core\Utils</Filter>
    </ClInclude>
    <ClInclude Include="Core\Utils\shorthand_functions.h">
      <Filter>Core\Utils</Filter>
    </ClInclude>
  </ItemGroup>
  <ItemGroup>
    <None Include="cpp.hint" />
  </ItemGroup>
</Project>