<?xml version="1.0" encoding="utf-8"?>
<Project ToolsVersion="4.0" xmlns="http://schemas.microsoft.com/developer/msbuild/2003">
  <ItemGroup>
    <Filter Include="Generated">
      <UniqueIdentifier>{4FC737F1-C7A5-4376-A066-2A32D752A2FF}</UniqueIdentifier>
      <Extensions>cpp;c;cc;cxx;c++;cppm;ixx;def;odl;idl;hpj;bat;asm;asmx</Extensions>
    </Filter>
    <Filter Include="FunctionalLayer">
      <UniqueIdentifier>{48bca79a-db59-420c-84da-d80239990b10}</UniqueIdentifier>
    </Filter>
    <Filter Include="Utils">
      <UniqueIdentifier>{33da1176-6ad4-486a-a441-03931b0858e0}</UniqueIdentifier>
    </Filter>
    <Filter Include="EntityComponentSystem">
      <UniqueIdentifier>{b92c6c7e-29a3-4953-a65e-7d4f1fb00db9}</UniqueIdentifier>
    </Filter>
    <Filter Include="Memory">
      <UniqueIdentifier>{7485e607-39c4-499a-9587-d15c9f2c17ef}</UniqueIdentifier>
    </Filter>
    <Filter Include="Enumeration">
      <UniqueIdentifier>{14d0f57b-ffce-43a8-91c4-205727145d36}</UniqueIdentifier>
    </Filter>
    <Filter Include="Threading">
      <UniqueIdentifier>{d23b4701-3ce0-4239-8b63-ccb333e97519}</UniqueIdentifier>
    </Filter>
  </ItemGroup>
  <ItemGroup>
    <ClCompile Include="generation_collector.c">
      <Filter>Source Files</Filter>
    </ClCompile>
    <ClCompile Include="main.cpp" />
    <ClCompile Include="EntityComponentSystem\component_controller.cpp">
      <Filter>EntityComponentSystem</Filter>
    </ClCompile>
    <ClCompile Include="Generated\update_loop.cpp">
      <Filter>Generated</Filter>
    </ClCompile>
    <ClCompile Include="Memory\high_integrity_allocator.cpp">
      <Filter>Memory</Filter>
    </ClCompile>
    <ClCompile Include="Memory\homogeneous_storage.cpp">
      <Filter>Memory</Filter>
    </ClCompile>
    <ClCompile Include="Threading\thread_messaging.c">
      <Filter>Threading</Filter>
    </ClCompile>
    <ClCompile Include="Threading\thread_pool.c">
      <Filter>Threading</Filter>
    </ClCompile>
  </ItemGroup>
  <ItemGroup>
    <ClInclude Include="EntityComponentSystem\component_controller.h">
      <Filter>EntityComponentSystem</Filter>
    </ClInclude>
    <ClInclude Include="EntityComponentSystem\component_store.h">
      <Filter>EntityComponentSystem</Filter>
    </ClInclude>
    <ClInclude Include="Enumeration\array_literal.h">
      <Filter>Enumeration</Filter>
    </ClInclude>
    <ClInclude Include="Enumeration\enumerable.h">
      <Filter>Enumeration</Filter>
    </ClInclude>
    <ClInclude Include="Enumeration\filter_enumerable.h">
      <Filter>Enumeration</Filter>
    </ClInclude>
    <ClInclude Include="Enumeration\select_enumerable.h">
      <Filter>Enumeration</Filter>
    </ClInclude>
    <ClInclude Include="FunctionalLayer\lambda.h">
      <Filter>FunctionalLayer</Filter>
    </ClInclude>
    <ClInclude Include="FunctionalLayer\runtime.h">
      <Filter>FunctionalLayer</Filter>
    </ClInclude>
    <ClInclude Include="Generated\update_loop.h">
      <Filter>Generated</Filter>
    </ClInclude>
    <ClInclude Include="Memory\high_integrity_allocator.h">
      <Filter>Memory</Filter>
    </ClInclude>
    <ClInclude Include="Memory\homogeneous_storage.h">
      <Filter>Memory</Filter>
    </ClInclude>
    <ClInclude Include="Threading\thread_messaging.h">
      <Filter>Threading</Filter>
    </ClInclude>
    <ClInclude Include="Threading\thread_pool.h">
      <Filter>Threading</Filter>
    </ClInclude>
    <ClInclude Include="Utils\non_essential_macros.h">
      <Filter>Utils</Filter>
    </ClInclude>
    <ClInclude Include="Utils\shorthand_functions.h">
      <Filter>Utils</Filter>
    </ClInclude>
  </ItemGroup>
  <ItemGroup>
    <None Include="cpp.hint" />
  </ItemGroup>
</Project>